
Microsoft Visual Studio Solution File, Format Version 12.00
# Visual Studio Version 16
VisualStudioVersion = 16.0.31624.102
MinimumVisualStudioVersion = 10.0.40219.1
Project("{8BC9CEB8-8B4A-11D0-8D11-00A0C91BC942}") = "Project1", "Project1\Project1.vcxproj", "{644380A2-E81A-4F6A-80D4-7EC7AD459CBF}"
EndProject
Project("{8BC9CEB8-8B4A-11D0-8D11-00A0C91BC942}") = "Project2", "Project2\Project2.vcxproj", "{94A34BF5-2464-45E6-BC26-429850F2BCBF}"
EndProject
Project("{8BC9CEB8-8B4A-11D0-8D11-00A0C91BC942}") = "Project3", "Project3\Project3.vcxproj", "{41B6A56A-79B0-4B41-AC98-AE29BE35842B}"
EndProject
Project("{8BC9CEB8-8B4A-11D0-8D11-00A0C91BC942}") = "Project4", "Project4\Project4.vcxproj", "{02BE2285-1A08-4AAA-BAF0-DD433EF925BA}"
EndProject
Project("{8BC9CEB8-8B4A-11D0-8D11-00A0C91BC942}") = "Project5", "Project5\Project5.vcxproj", "{888EEE69-ADB0-4DB5-8048-06A4DCA936B0}"
EndProject
Project("{8BC9CEB8-8B4A-11D0-8D11-00A0C91BC942}") = "Project6", "Project6\Project6.vcxproj", "{E90C0233-BD92-4BF2-A21D-73453F1B7CCD}"
EndProject
Project("{8BC9CEB8-8B4A-11D0-8D11-00A0C91BC942}") = "Project7", "Project7\Project7.vcxproj", "{A9B9980A-9084-4649-B9DD-0F1E240AB094}"
EndProject
Project("{8BC9CEB8-8B4A-11D0-8D11-00A0C91BC942}") = "Project8", "Project8\Project8.vcxproj", "{9E3FD83D-5535-4136-8C3B-24689575250B}"
EndProject
Project("{8BC9CEB8-8B4A-11D0-8D11-00A0C91BC942}") = "Project9", "Project9\Project9.vcxproj", "{5214B4EA-165E-4951-ABB0-00A04F25534A}"
EndProject
Project("{8BC9CEB8-8B4A-11D0-8D11-00A0C91BC942}") = "Project10", "Project10\Project10.vcxproj", "{5BAC5C12-B254-4057-A275-832978FEE81F}"
EndProject
Project("{8BC9CEB8-8B4A-11D0-8D11-00A0C91BC942}") = "Project11", "Project11\Project11.vcxproj", "{040E25F1-9107-4349-90BB-548E1F9BA897}"
EndProject
Project("{8BC9CEB8-8B4A-11D0-8D11-00A0C91BC942}") = "Project12", "Project12\Project12.vcxproj", "{01B3FFF5-9A21-464F-BB15-24D9C2E7531B}"
EndProject
Global
	GlobalSection(SolutionConfigurationPlatforms) = preSolution
		Debug|x64 = Debug|x64
		Debug|x86 = Debug|x86
		Release|x64 = Release|x64
		Release|x86 = Release|x86
	EndGlobalSection
	GlobalSection(ProjectConfigurationPlatforms) = postSolution
		{644380A2-E81A-4F6A-80D4-7EC7AD459CBF}.Debug|x64.ActiveCfg = Debug|x64
		{644380A2-E81A-4F6A-80D4-7EC7AD459CBF}.Debug|x64.Build.0 = Debug|x64
		{644380A2-E81A-4F6A-80D4-7EC7AD459CBF}.Debug|x86.ActiveCfg = Debug|Win32
		{644380A2-E81A-4F6A-80D4-7EC7AD459CBF}.Debug|x86.Build.0 = Debug|Win32
		{644380A2-E81A-4F6A-80D4-7EC7AD459CBF}.Release|x64.ActiveCfg = Release|x64
		{644380A2-E81A-4F6A-80D4-7EC7AD459CBF}.Release|x64.Build.0 = Release|x64
		{644380A2-E81A-4F6A-80D4-7EC7AD459CBF}.Release|x86.ActiveCfg = Release|Win32
		{644380A2-E81A-4F6A-80D4-7EC7AD459CBF}.Release|x86.Build.0 = Release|Win32
		{94A34BF5-2464-45E6-BC26-429850F2BCBF}.Debug|x64.ActiveCfg = Debug|x64
		{94A34BF5-2464-45E6-BC26-429850F2BCBF}.Debug|x64.Build.0 = Debug|x64
		{94A34BF5-2464-45E6-BC26-429850F2BCBF}.Debug|x86.ActiveCfg = Debug|Win32
		{94A34BF5-2464-45E6-BC26-429850F2BCBF}.Debug|x86.Build.0 = Debug|Win32
		{94A34BF5-2464-45E6-BC26-429850F2BCBF}.Release|x64.ActiveCfg = Release|x64
		{94A34BF5-2464-45E6-BC26-429850F2BCBF}.Release|x64.Build.0 = Release|x64
		{94A34BF5-2464-45E6-BC26-429850F2BCBF}.Release|x86.ActiveCfg = Release|Win32
		{94A34BF5-2464-45E6-BC26-429850F2BCBF}.Release|x86.Build.0 = Release|Win32
		{41B6A56A-79B0-4B41-AC98-AE29BE35842B}.Debug|x64.ActiveCfg = Debug|x64
		{41B6A56A-79B0-4B41-AC98-AE29BE35842B}.Debug|x64.Build.0 = Debug|x64
		{41B6A56A-79B0-4B41-AC98-AE29BE35842B}.Debug|x86.ActiveCfg = Debug|Win32
		{41B6A56A-79B0-4B41-AC98-AE29BE35842B}.Debug|x86.Build.0 = Debug|Win32
		{41B6A56A-79B0-4B41-AC98-AE29BE35842B}.Release|x64.ActiveCfg = Release|x64
		{41B6A56A-79B0-4B41-AC98-AE29BE35842B}.Release|x64.Build.0 = Release|x64
		{41B6A56A-79B0-4B41-AC98-AE29BE35842B}.Release|x86.ActiveCfg = Release|Win32
		{41B6A56A-79B0-4B41-AC98-AE29BE35842B}.Release|x86.Build.0 = Release|Win32
		{02BE2285-1A08-4AAA-BAF0-DD433EF925BA}.Debug|x64.ActiveCfg = Debug|x64
		{02BE2285-1A08-4AAA-BAF0-DD433EF925BA}.Debug|x64.Build.0 = Debug|x64
		{02BE2285-1A08-4AAA-BAF0-DD433EF925BA}.Debug|x86.ActiveCfg = Debug|Win32
		{02BE2285-1A08-4AAA-BAF0-DD433EF925BA}.Debug|x86.Build.0 = Debug|Win32
		{02BE2285-1A08-4AAA-BAF0-DD433EF925BA}.Release|x64.ActiveCfg = Release|x64
		{02BE2285-1A08-4AAA-BAF0-DD433EF925BA}.Release|x64.Build.0 = Release|x64
		{02BE2285-1A08-4AAA-BAF0-DD433EF925BA}.Release|x86.ActiveCfg = Release|Win32
		{02BE2285-1A08-4AAA-BAF0-DD433EF925BA}.Release|x86.Build.0 = Release|Win32
		{888EEE69-ADB0-4DB5-8048-06A4DCA936B0}.Debug|x64.ActiveCfg = Debug|x64
		{888EEE69-ADB0-4DB5-8048-06A4DCA936B0}.Debug|x64.Build.0 = Debug|x64
		{888EEE69-ADB0-4DB5-8048-06A4DCA936B0}.Debug|x86.ActiveCfg = Debug|Win32
		{888EEE69-ADB0-4DB5-8048-06A4DCA936B0}.Debug|x86.Build.0 = Debug|Win32
		{888EEE69-ADB0-4DB5-8048-06A4DCA936B0}.Release|x64.ActiveCfg = Release|x64
		{888EEE69-ADB0-4DB5-8048-06A4DCA936B0}.Release|x64.Build.0 = Release|x64
		{888EEE69-ADB0-4DB5-8048-06A4DCA936B0}.Release|x86.ActiveCfg = Release|Win32
		{888EEE69-ADB0-4DB5-8048-06A4DCA936B0}.Release|x86.Build.0 = Release|Win32
		{E90C0233-BD92-4BF2-A21D-73453F1B7CCD}.Debug|x64.ActiveCfg = Debug|x64
		{E90C0233-BD92-4BF2-A21D-73453F1B7CCD}.Debug|x64.Build.0 = Debug|x64
		{E90C0233-BD92-4BF2-A21D-73453F1B7CCD}.Debug|x86.ActiveCfg = Debug|Win32
		{E90C0233-BD92-4BF2-A21D-73453F1B7CCD}.Debug|x86.Build.0 = Debug|Win32
		{E90C0233-BD92-4BF2-A21D-73453F1B7CCD}.Release|x64.ActiveCfg = Release|x64
		{E90C0233-BD92-4BF2-A21D-73453F1B7CCD}.Release|x64.Build.0 = Release|x64
		{E90C0233-BD92-4BF2-A21D-73453F1B7CCD}.Release|x86.ActiveCfg = Release|Win32
		{E90C0233-BD92-4BF2-A21D-73453F1B7CCD}.Release|x86.Build.0 = Release|Win32
		{A9B9980A-9084-4649-B9DD-0F1E240AB094}.Debug|x64.ActiveCfg = Debug|x64
		{A9B9980A-9084-4649-B9DD-0F1E240AB094}.Debug|x64.Build.0 = Debug|x64
		{A9B9980A-9084-4649-B9DD-0F1E240AB094}.Debug|x86.ActiveCfg = Debug|Win32
		{A9B9980A-9084-4649-B9DD-0F1E240AB094}.Debug|x86.Build.0 = Debug|Win32
		{A9B9980A-9084-4649-B9DD-0F1E240AB094}.Release|x64.ActiveCfg = Release|x64
		{A9B9980A-9084-4649-B9DD-0F1E240AB094}.Release|x64.Build.0 = Release|x64
		{A9B9980A-9084-4649-B9DD-0F1E240AB094}.Release|x86.ActiveCfg = Release|Win32
		{A9B9980A-9084-4649-B9DD-0F1E240AB094}.Release|x86.Build.0 = Release|Win32
		{9E3FD83D-5535-4136-8C3B-24689575250B}.Debug|x64.ActiveCfg = Debug|x64
		{9E3FD83D-5535-4136-8C3B-24689575250B}.Debug|x64.Build.0 = Debug|x64
		{9E3FD83D-5535-4136-8C3B-24689575250B}.Debug|x86.ActiveCfg = Debug|Win32
		{9E3FD83D-5535-4136-8C3B-24689575250B}.Debug|x86.Build.0 = Debug|Win32
		{9E3FD83D-5535-4136-8C3B-24689575250B}.Release|x64.ActiveCfg = Release|x64
		{9E3FD83D-5535-4136-8C3B-24689575250B}.Release|x64.Build.0 = Release|x64
		{9E3FD83D-5535-4136-8C3B-24689575250B}.Release|x86.ActiveCfg = Release|Win32
		{9E3FD83D-5535-4136-8C3B-24689575250B}.Release|x86.Build.0 = Release|Win32
		{5214B4EA-165E-4951-ABB0-00A04F25534A}.Debug|x64.ActiveCfg = Debug|x64
		{5214B4EA-165E-4951-ABB0-00A04F25534A}.Debug|x64.Build.0 = Debug|x64
		{5214B4EA-165E-4951-ABB0-00A04F25534A}.Debug|x86.ActiveCfg = Debug|Win32
		{5214B4EA-165E-4951-ABB0-00A04F25534A}.Debug|x86.Build.0 = Debug|Win32
		{5214B4EA-165E-4951-ABB0-00A04F25534A}.Release|x64.ActiveCfg = Release|x64
		{5214B4EA-165E-4951-ABB0-00A04F25534A}.Release|x64.Build.0 = Release|x64
		{5214B4EA-165E-4951-ABB0-00A04F25534A}.Release|x86.ActiveCfg = Release|Win32
		{5214B4EA-165E-4951-ABB0-00A04F25534A}.Release|x86.Build.0 = Release|Win32
		{5BAC5C12-B254-4057-A275-832978FEE81F}.Debug|x64.ActiveCfg = Debug|x64
		{5BAC5C12-B254-4057-A275-832978FEE81F}.Debug|x64.Build.0 = Debug|x64
		{5BAC5C12-B254-4057-A275-832978FEE81F}.Debug|x86.ActiveCfg = Debug|Win32
		{5BAC5C12-B254-4057-A275-832978FEE81F}.Debug|x86.Build.0 = Debug|Win32
		{5BAC5C12-B254-4057-A275-832978FEE81F}.Release|x64.ActiveCfg = Release|x64
		{5BAC5C12-B254-4057-A275-832978FEE81F}.Release|x64.Build.0 = Release|x64
		{5BAC5C12-B254-4057-A275-832978FEE81F}.Release|x86.ActiveCfg = Release|Win32
		{5BAC5C12-B254-4057-A275-832978FEE81F}.Release|x86.Build.0 = Release|Win32
		{040E25F1-9107-4349-90BB-548E1F9BA897}.Debug|x64.ActiveCfg = Debug|x64
		{040E25F1-9107-4349-90BB-548E1F9BA897}.Debug|x64.Build.0 = Debug|x64
		{040E25F1-9107-4349-90BB-548E1F9BA897}.Debug|x86.ActiveCfg = Debug|Win32
		{040E25F1-9107-4349-90BB-548E1F9BA897}.Debug|x86.Build.0 = Debug|Win32
		{040E25F1-9107-4349-90BB-548E1F9BA897}.Release|x64.ActiveCfg = Release|x64
		{040E25F1-9107-4349-90BB-548E1F9BA897}.Release|x64.Build.0 = Release|x64
		{040E25F1-9107-4349-90BB-548E1F9BA897}.Release|x86.ActiveCfg = Release|Win32
		{040E25F1-9107-4349-90BB-548E1F9BA897}.Release|x86.Build.0 = Release|Win32
		{01B3FFF5-9A21-464F-BB15-24D9C2E7531B}.Debug|x64.ActiveCfg = Debug|x64
		{01B3FFF5-9A21-464F-BB15-24D9C2E7531B}.Debug|x64.Build.0 = Debug|x64
		{01B3FFF5-9A21-464F-BB15-24D9C2E7531B}.Debug|x86.ActiveCfg = Debug|Win32
		{01B3FFF5-9A21-464F-BB15-24D9C2E7531B}.Debug|x86.Build.0 = Debug|Win32
		{01B3FFF5-9A21-464F-BB15-24D9C2E7531B}.Release|x64.ActiveCfg = Release|x64
		{01B3FFF5-9A21-464F-BB15-24D9C2E7531B}.Release|x64.Build.0 = Release|x64
		{01B3FFF5-9A21-464F-BB15-24D9C2E7531B}.Release|x86.ActiveCfg = Release|Win32
		{01B3FFF5-9A21-464F-BB15-24D9C2E7531B}.Release|x86.Build.0 = Release|Win32
	EndGlobalSection
	GlobalSection(SolutionProperties) = preSolution
		HideSolutionNode = FALSE
	EndGlobalSection
	GlobalSection(ExtensibilityGlobals) = postSolution
		SolutionGuid = {8BD12838-A8FD-4984-A52D-3ADC80F9A366}
	EndGlobalSection
EndGlobal
