
Microsoft Visual Studio Solution File, Format Version 12.00
# Visual Studio Version 16
VisualStudioVersion = 16.0.31624.102
MinimumVisualStudioVersion = 10.0.40219.1
Project("{FAE04EC0-301F-11D3-BF4B-00C04F79EFBC}") = "ConsoleApp1", "ConsoleApp1\ConsoleApp1.csproj", "{51D33B33-698C-45CC-B402-5B65C3D22A58}"
EndProject
Project("{FAE04EC0-301F-11D3-BF4B-00C04F79EFBC}") = "ConsoleApp2", "ConsoleApp2\ConsoleApp2.csproj", "{7C1DBF14-9F9D-4089-9CD8-B94FDB8150CE}"
EndProject
Project("{FAE04EC0-301F-11D3-BF4B-00C04F79EFBC}") = "ConsoleApp3", "ConsoleApp3\ConsoleApp3.csproj", "{66120BA1-3F5E-491E-8735-3EF5AA630758}"
EndProject
Global
	GlobalSection(SolutionConfigurationPlatforms) = preSolution
		Debug|Any CPU = Debug|Any CPU
		Release|Any CPU = Release|Any CPU
	EndGlobalSection
	GlobalSection(ProjectConfigurationPlatforms) = postSolution
		{51D33B33-698C-45CC-B402-5B65C3D22A58}.Debug|Any CPU.ActiveCfg = Debug|Any CPU
		{51D33B33-698C-45CC-B402-5B65C3D22A58}.Debug|Any CPU.Build.0 = Debug|Any CPU
		{51D33B33-698C-45CC-B402-5B65C3D22A58}.Release|Any CPU.ActiveCfg = Release|Any CPU
		{51D33B33-698C-45CC-B402-5B65C3D22A58}.Release|Any CPU.Build.0 = Release|Any CPU
		{7C1DBF14-9F9D-4089-9CD8-B94FDB8150CE}.Debug|Any CPU.ActiveCfg = Debug|Any CPU
		{7C1DBF14-9F9D-4089-9CD8-B94FDB8150CE}.Debug|Any CPU.Build.0 = Debug|Any CPU
		{7C1DBF14-9F9D-4089-9CD8-B94FDB8150CE}.Release|Any CPU.ActiveCfg = Release|Any CPU
		{7C1DBF14-9F9D-4089-9CD8-B94FDB8150CE}.Release|Any CPU.Build.0 = Release|Any CPU
		{66120BA1-3F5E-491E-8735-3EF5AA630758}.Debug|Any CPU.ActiveCfg = Debug|Any CPU
		{66120BA1-3F5E-491E-8735-3EF5AA630758}.Debug|Any CPU.Build.0 = Debug|Any CPU
		{66120BA1-3F5E-491E-8735-3EF5AA630758}.Release|Any CPU.ActiveCfg = Release|Any CPU
		{66120BA1-3F5E-491E-8735-3EF5AA630758}.Release|Any CPU.Build.0 = Release|Any CPU
	EndGlobalSection
	GlobalSection(SolutionProperties) = preSolution
		HideSolutionNode = FALSE
	EndGlobalSection
	GlobalSection(ExtensibilityGlobals) = postSolution
		SolutionGuid = {22351A58-3BF7-464F-9112-F4E026E3F0AD}
	EndGlobalSection
EndGlobal
